
Microsoft Visual Studio Solution File, Format Version 12.00
# Visual Studio 15
VisualStudioVersion = 15.0.28010.2016
MinimumVisualStudioVersion = 10.0.40219.1
Project("{888888A0-9F3D-457C-B088-3A5042F75D52}") = "Hibrid", "Hibrid\Hibrid.pyproj", "{82CE70E1-BEEC-48BF-A64C-0E6130C71E40}"
EndProject
Global
	GlobalSection(SolutionConfigurationPlatforms) = preSolution
		Debug|Any CPU = Debug|Any CPU
		Release|Any CPU = Release|Any CPU
	EndGlobalSection
	GlobalSection(ProjectConfigurationPlatforms) = postSolution
		{82CE70E1-BEEC-48BF-A64C-0E6130C71E40}.Debug|Any CPU.ActiveCfg = Debug|Any CPU
		{82CE70E1-BEEC-48BF-A64C-0E6130C71E40}.Release|Any CPU.ActiveCfg = Release|Any CPU
	EndGlobalSection
	GlobalSection(SolutionProperties) = preSolution
		HideSolutionNode = FALSE
	EndGlobalSection
	GlobalSection(ExtensibilityGlobals) = postSolution
		SolutionGuid = {B09A5890-C493-4C01-A579-7CA43B662C47}
	EndGlobalSection
EndGlobal
